
Microsoft Visual Studio Solution File, Format Version 12.00
# Visual Studio 2012
Project("{FAE04EC0-301F-11D3-BF4B-00C04F79EFBC}") = "lab7", "lab7\lab7.csproj", "{1F254BAF-FDCC-448A-9BCB-0F0E46AA81CE}"
EndProject
Global
	GlobalSection(SolutionConfigurationPlatforms) = preSolution
		Debug|Any CPU = Debug|Any CPU
		Release|Any CPU = Release|Any CPU
	EndGlobalSection
	GlobalSection(ProjectConfigurationPlatforms) = postSolution
		{1F254BAF-FDCC-448A-9BCB-0F0E46AA81CE}.Debug|Any CPU.ActiveCfg = Debug|Any CPU
		{1F254BAF-FDCC-448A-9BCB-0F0E46AA81CE}.Debug|Any CPU.Build.0 = Debug|Any CPU
		{1F254BAF-FDCC-448A-9BCB-0F0E46AA81CE}.Release|Any CPU.ActiveCfg = Release|Any CPU
		{1F254BAF-FDCC-448A-9BCB-0F0E46AA81CE}.Release|Any CPU.Build.0 = Release|Any CPU
	EndGlobalSection
	GlobalSection(SolutionProperties) = preSolution
		HideSolutionNode = FALSE
	EndGlobalSection
EndGlobal
